
Microsoft Visual Studio Solution File, Format Version 12.00
# Visual Studio Version 16
VisualStudioVersion = 16.0.31702.278
MinimumVisualStudioVersion = 10.0.40219.1
Project("{FAE04EC0-301F-11D3-BF4B-00C04F79EFBC}") = "U15", "Task4\U15.csproj", "{69CF1DA7-7CD3-41A9-A6B5-3125D4C9BEF5}"
EndProject
Project("{FAE04EC0-301F-11D3-BF4B-00C04F79EFBC}") = "U17", "U17\U17.csproj", "{82A58DC9-A202-4D10-A503-F441255CA6EF}"
EndProject
Project("{FAE04EC0-301F-11D3-BF4B-00C04F79EFBC}") = "U19", "U19\U19.csproj", "{C7618C83-DB73-49DF-B318-7390BAE04E09}"
EndProject
Global
	GlobalSection(SolutionConfigurationPlatforms) = preSolution
		Debug|ARM = Debug|ARM
		Debug|ARM64 = Debug|ARM64
		Debug|x64 = Debug|x64
		Debug|x86 = Debug|x86
		Release|ARM = Release|ARM
		Release|ARM64 = Release|ARM64
		Release|x64 = Release|x64
		Release|x86 = Release|x86
	EndGlobalSection
	GlobalSection(ProjectConfigurationPlatforms) = postSolution
		{69CF1DA7-7CD3-41A9-A6B5-3125D4C9BEF5}.Debug|ARM.ActiveCfg = Debug|ARM
		{69CF1DA7-7CD3-41A9-A6B5-3125D4C9BEF5}.Debug|ARM.Build.0 = Debug|ARM
		{69CF1DA7-7CD3-41A9-A6B5-3125D4C9BEF5}.Debug|ARM.Deploy.0 = Debug|ARM
		{69CF1DA7-7CD3-41A9-A6B5-3125D4C9BEF5}.Debug|ARM64.ActiveCfg = Debug|ARM64
		{69CF1DA7-7CD3-41A9-A6B5-3125D4C9BEF5}.Debug|ARM64.Build.0 = Debug|ARM64
		{69CF1DA7-7CD3-41A9-A6B5-3125D4C9BEF5}.Debug|ARM64.Deploy.0 = Debug|ARM64
		{69CF1DA7-7CD3-41A9-A6B5-3125D4C9BEF5}.Debug|x64.ActiveCfg = Debug|x64
		{69CF1DA7-7CD3-41A9-A6B5-3125D4C9BEF5}.Debug|x64.Build.0 = Debug|x64
		{69CF1DA7-7CD3-41A9-A6B5-3125D4C9BEF5}.Debug|x64.Deploy.0 = Debug|x64
		{69CF1DA7-7CD3-41A9-A6B5-3125D4C9BEF5}.Debug|x86.ActiveCfg = Debug|x86
		{69CF1DA7-7CD3-41A9-A6B5-3125D4C9BEF5}.Debug|x86.Build.0 = Debug|x86
		{69CF1DA7-7CD3-41A9-A6B5-3125D4C9BEF5}.Debug|x86.Deploy.0 = Debug|x86
		{69CF1DA7-7CD3-41A9-A6B5-3125D4C9BEF5}.Release|ARM.ActiveCfg = Release|ARM
		{69CF1DA7-7CD3-41A9-A6B5-3125D4C9BEF5}.Release|ARM.Build.0 = Release|ARM
		{69CF1DA7-7CD3-41A9-A6B5-3125D4C9BEF5}.Release|ARM.Deploy.0 = Release|ARM
		{69CF1DA7-7CD3-41A9-A6B5-3125D4C9BEF5}.Release|ARM64.ActiveCfg = Release|ARM64
		{69CF1DA7-7CD3-41A9-A6B5-3125D4C9BEF5}.Release|ARM64.Build.0 = Release|ARM64
		{69CF1DA7-7CD3-41A9-A6B5-3125D4C9BEF5}.Release|ARM64.Deploy.0 = Release|ARM64
		{69CF1DA7-7CD3-41A9-A6B5-3125D4C9BEF5}.Release|x64.ActiveCfg = Release|x64
		{69CF1DA7-7CD3-41A9-A6B5-3125D4C9BEF5}.Release|x64.Build.0 = Release|x64
		{69CF1DA7-7CD3-41A9-A6B5-3125D4C9BEF5}.Release|x64.Deploy.0 = Release|x64
		{69CF1DA7-7CD3-41A9-A6B5-3125D4C9BEF5}.Release|x86.ActiveCfg = Release|x86
		{69CF1DA7-7CD3-41A9-A6B5-3125D4C9BEF5}.Release|x86.Build.0 = Release|x86
		{69CF1DA7-7CD3-41A9-A6B5-3125D4C9BEF5}.Release|x86.Deploy.0 = Release|x86
		{82A58DC9-A202-4D10-A503-F441255CA6EF}.Debug|ARM.ActiveCfg = Debug|ARM
		{82A58DC9-A202-4D10-A503-F441255CA6EF}.Debug|ARM.Build.0 = Debug|ARM
		{82A58DC9-A202-4D10-A503-F441255CA6EF}.Debug|ARM.Deploy.0 = Debug|ARM
		{82A58DC9-A202-4D10-A503-F441255CA6EF}.Debug|ARM64.ActiveCfg = Debug|ARM64
		{82A58DC9-A202-4D10-A503-F441255CA6EF}.Debug|ARM64.Build.0 = Debug|ARM64
		{82A58DC9-A202-4D10-A503-F441255CA6EF}.Debug|ARM64.Deploy.0 = Debug|ARM64
		{82A58DC9-A202-4D10-A503-F441255CA6EF}.Debug|x64.ActiveCfg = Debug|x64
		{82A58DC9-A202-4D10-A503-F441255CA6EF}.Debug|x64.Build.0 = Debug|x64
		{82A58DC9-A202-4D10-A503-F441255CA6EF}.Debug|x64.Deploy.0 = Debug|x64
		{82A58DC9-A202-4D10-A503-F441255CA6EF}.Debug|x86.ActiveCfg = Debug|x86
		{82A58DC9-A202-4D10-A503-F441255CA6EF}.Debug|x86.Build.0 = Debug|x86
		{82A58DC9-A202-4D10-A503-F441255CA6EF}.Debug|x86.Deploy.0 = Debug|x86
		{82A58DC9-A202-4D10-A503-F441255CA6EF}.Release|ARM.ActiveCfg = Release|ARM
		{82A58DC9-A202-4D10-A503-F441255CA6EF}.Release|ARM.Build.0 = Release|ARM
		{82A58DC9-A202-4D10-A503-F441255CA6EF}.Release|ARM.Deploy.0 = Release|ARM
		{82A58DC9-A202-4D10-A503-F441255CA6EF}.Release|ARM64.ActiveCfg = Release|ARM64
		{82A58DC9-A202-4D10-A503-F441255CA6EF}.Release|ARM64.Build.0 = Release|ARM64
		{82A58DC9-A202-4D10-A503-F441255CA6EF}.Release|ARM64.Deploy.0 = Release|ARM64
		{82A58DC9-A202-4D10-A503-F441255CA6EF}.Release|x64.ActiveCfg = Release|x64
		{82A58DC9-A202-4D10-A503-F441255CA6EF}.Release|x64.Build.0 = Release|x64
		{82A58DC9-A202-4D10-A503-F441255CA6EF}.Release|x64.Deploy.0 = Release|x64
		{82A58DC9-A202-4D10-A503-F441255CA6EF}.Release|x86.ActiveCfg = Release|x86
		{82A58DC9-A202-4D10-A503-F441255CA6EF}.Release|x86.Build.0 = Release|x86
		{82A58DC9-A202-4D10-A503-F441255CA6EF}.Release|x86.Deploy.0 = Release|x86
		{C7618C83-DB73-49DF-B318-7390BAE04E09}.Debug|ARM.ActiveCfg = Debug|ARM
		{C7618C83-DB73-49DF-B318-7390BAE04E09}.Debug|ARM.Build.0 = Debug|ARM
		{C7618C83-DB73-49DF-B318-7390BAE04E09}.Debug|ARM.Deploy.0 = Debug|ARM
		{C7618C83-DB73-49DF-B318-7390BAE04E09}.Debug|ARM64.ActiveCfg = Debug|ARM64
		{C7618C83-DB73-49DF-B318-7390BAE04E09}.Debug|ARM64.Build.0 = Debug|ARM64
		{C7618C83-DB73-49DF-B318-7390BAE04E09}.Debug|ARM64.Deploy.0 = Debug|ARM64
		{C7618C83-DB73-49DF-B318-7390BAE04E09}.Debug|x64.ActiveCfg = Debug|x64
		{C7618C83-DB73-49DF-B318-7390BAE04E09}.Debug|x64.Build.0 = Debug|x64
		{C7618C83-DB73-49DF-B318-7390BAE04E09}.Debug|x64.Deploy.0 = Debug|x64
		{C7618C83-DB73-49DF-B318-7390BAE04E09}.Debug|x86.ActiveCfg = Debug|x86
		{C7618C83-DB73-49DF-B318-7390BAE04E09}.Debug|x86.Build.0 = Debug|x86
		{C7618C83-DB73-49DF-B318-7390BAE04E09}.Debug|x86.Deploy.0 = Debug|x86
		{C7618C83-DB73-49DF-B318-7390BAE04E09}.Release|ARM.ActiveCfg = Release|ARM
		{C7618C83-DB73-49DF-B318-7390BAE04E09}.Release|ARM.Build.0 = Release|ARM
		{C7618C83-DB73-49DF-B318-7390BAE04E09}.Release|ARM.Deploy.0 = Release|ARM
		{C7618C83-DB73-49DF-B318-7390BAE04E09}.Release|ARM64.ActiveCfg = Release|ARM64
		{C7618C83-DB73-49DF-B318-7390BAE04E09}.Release|ARM64.Build.0 = Release|ARM64
		{C7618C83-DB73-49DF-B318-7390BAE04E09}.Release|ARM64.Deploy.0 = Release|ARM64
		{C7618C83-DB73-49DF-B318-7390BAE04E09}.Release|x64.ActiveCfg = Release|x64
		{C7618C83-DB73-49DF-B318-7390BAE04E09}.Release|x64.Build.0 = Release|x64
		{C7618C83-DB73-49DF-B318-7390BAE04E09}.Release|x64.Deploy.0 = Release|x64
		{C7618C83-DB73-49DF-B318-7390BAE04E09}.Release|x86.ActiveCfg = Release|x86
		{C7618C83-DB73-49DF-B318-7390BAE04E09}.Release|x86.Build.0 = Release|x86
		{C7618C83-DB73-49DF-B318-7390BAE04E09}.Release|x86.Deploy.0 = Release|x86
	EndGlobalSection
	GlobalSection(SolutionProperties) = preSolution
		HideSolutionNode = FALSE
	EndGlobalSection
	GlobalSection(ExtensibilityGlobals) = postSolution
		SolutionGuid = {435A4C8A-1BFA-4848-8300-AEF949B47625}
	EndGlobalSection
EndGlobal
